{
  "requires": true,
  "lockfileVersion": 1,
  "dependencies": {
    "@mdi/font": {
      "version": "3.6.95",
      "resolved": "https://registry.npmjs.org/@mdi/font/-/font-3.6.95.tgz",
      "integrity": "sha512-wUbkF/RRCIh51TPzAL9qUeRSUFla9I3x1nGq62HkfWzIebRHbDY5HPaYCQuZO7398dWaLHTu4BwnBA58YbhfEA=="
    }
  }
}
